
Microsoft Visual Studio Solution File, Format Version 12.00
# Visual Studio 14
VisualStudioVersion = 14.0.25420.1
MinimumVisualStudioVersion = 10.0.40219.1
Project("{FAE04EC0-301F-11D3-BF4B-00C04F79EFBC}") = "LocalStore", "LocalStore\LocalStore.csproj", "{FC58DE9F-2C8E-4BEE-A7BB-D47F4089593A}"
EndProject
Project("{FAE04EC0-301F-11D3-BF4B-00C04F79EFBC}") = "Migrations", "Migrations\Migrations.csproj", "{BD804CE0-121B-4D25-AC61-CAF2E0255C65}"
EndProject
Project("{FAE04EC0-301F-11D3-BF4B-00C04F79EFBC}") = "VideoMigrations", "VideoMigrations\VideoMigrations.csproj", "{A7E1EBB9-3D98-4D7C-BB6C-B7C2B751E989}"
EndProject
Global
	GlobalSection(SolutionConfigurationPlatforms) = preSolution
		Debug|Any CPU = Debug|Any CPU
		Release|Any CPU = Release|Any CPU
	EndGlobalSection
	GlobalSection(ProjectConfigurationPlatforms) = postSolution
		{FC58DE9F-2C8E-4BEE-A7BB-D47F4089593A}.Debug|Any CPU.ActiveCfg = Debug|Any CPU
		{FC58DE9F-2C8E-4BEE-A7BB-D47F4089593A}.Debug|Any CPU.Build.0 = Debug|Any CPU
		{FC58DE9F-2C8E-4BEE-A7BB-D47F4089593A}.Release|Any CPU.ActiveCfg = Release|Any CPU
		{FC58DE9F-2C8E-4BEE-A7BB-D47F4089593A}.Release|Any CPU.Build.0 = Release|Any CPU
		{BD804CE0-121B-4D25-AC61-CAF2E0255C65}.Debug|Any CPU.ActiveCfg = Debug|Any CPU
		{BD804CE0-121B-4D25-AC61-CAF2E0255C65}.Debug|Any CPU.Build.0 = Debug|Any CPU
		{BD804CE0-121B-4D25-AC61-CAF2E0255C65}.Release|Any CPU.ActiveCfg = Release|Any CPU
		{BD804CE0-121B-4D25-AC61-CAF2E0255C65}.Release|Any CPU.Build.0 = Release|Any CPU
		{A7E1EBB9-3D98-4D7C-BB6C-B7C2B751E989}.Debug|Any CPU.ActiveCfg = Debug|Any CPU
		{A7E1EBB9-3D98-4D7C-BB6C-B7C2B751E989}.Debug|Any CPU.Build.0 = Debug|Any CPU
		{A7E1EBB9-3D98-4D7C-BB6C-B7C2B751E989}.Release|Any CPU.ActiveCfg = Release|Any CPU
		{A7E1EBB9-3D98-4D7C-BB6C-B7C2B751E989}.Release|Any CPU.Build.0 = Release|Any CPU
	EndGlobalSection
	GlobalSection(SolutionProperties) = preSolution
		HideSolutionNode = FALSE
	EndGlobalSection
EndGlobal
